// !$*UTF8*$!
{
	archiveVersion = 1;
	classes = {
	};
	objectVersion = 50;
	objects = {

/* Begin PBXBuildFile section */
		9B0034382380AD8100CB2E0E /* EmployeeNameTableViewCell.swift in Sources */ = {isa = PBXBuildFile; fileRef = 9B0034372380AD8100CB2E0E /* EmployeeNameTableViewCell.swift */; };
		9B00343A2380BAE700CB2E0E /* FloatToStringExtension.swift in Sources */ = {isa = PBXBuildFile; fileRef = 9B0034392380BAE700CB2E0E /* FloatToStringExtension.swift */; };
		9B02A0D9237B9A4500BDF44E /* LoginViewController.swift in Sources */ = {isa = PBXBuildFile; fileRef = 9B02A0D8237B9A4500BDF44E /* LoginViewController.swift */; };
		9B02A0DD237B9DBB00BDF44E /* eLogin.plist in Resources */ = {isa = PBXBuildFile; fileRef = 9B02A0DC237B9DBB00BDF44E /* eLogin.plist */; };
		9B4DD1ED237F547F00238902 /* Singleton.swift in Sources */ = {isa = PBXBuildFile; fileRef = 9B4DD1EC237F547F00238902 /* Singleton.swift */; };
		9B4DD203237F570E00238902 /* Vehicle.swift in Sources */ = {isa = PBXBuildFile; fileRef = 9B4DD1F0237F570E00238902 /* Vehicle.swift */; };
		9B4DD204237F570E00238902 /* Car.swift in Sources */ = {isa = PBXBuildFile; fileRef = 9B4DD1F1237F570E00238902 /* Car.swift */; };
		9B4DD205237F570E00238902 /* Motorcycle.swift in Sources */ = {isa = PBXBuildFile; fileRef = 9B4DD1F2237F570E00238902 /* Motorcycle.swift */; };
		9B4DD206237F570E00238902 /* SalaryExtension.swift in Sources */ = {isa = PBXBuildFile; fileRef = 9B4DD1F4237F570E00238902 /* SalaryExtension.swift */; };
		9B4DD207237F570E00238902 /* AgeExtension.swift in Sources */ = {isa = PBXBuildFile; fileRef = 9B4DD1F5237F570E00238902 /* AgeExtension.swift */; };
		9B4DD208237F570E00238902 /* Users.json in Resources */ = {isa = PBXBuildFile; fileRef = 9B4DD1F7237F570E00238902 /* Users.json */; };
		9B4DD20A237F570E00238902 /* FixedBasedPartTime.swift in Sources */ = {isa = PBXBuildFile; fileRef = 9B4DD1FA237F570E00238902 /* FixedBasedPartTime.swift */; };
		9B4DD20B237F570E00238902 /* CommissionBasedPartTime.swift in Sources */ = {isa = PBXBuildFile; fileRef = 9B4DD1FB237F570E00238902 /* CommissionBasedPartTime.swift */; };
		9B4DD20C237F570E00238902 /* FullTIme.swift in Sources */ = {isa = PBXBuildFile; fileRef = 9B4DD1FC237F570E00238902 /* FullTIme.swift */; };
		9B4DD20D237F570E00238902 /* Employee.swift in Sources */ = {isa = PBXBuildFile; fileRef = 9B4DD1FD237F570E00238902 /* Employee.swift */; };
		9B4DD20E237F570E00238902 /* Intern.swift in Sources */ = {isa = PBXBuildFile; fileRef = 9B4DD1FE237F570E00238902 /* Intern.swift */; };
		9B4DD20F237F570E00238902 /* PartTime.swift in Sources */ = {isa = PBXBuildFile; fileRef = 9B4DD1FF237F570E00238902 /* PartTime.swift */; };
		9B4DD210237F570E00238902 /* IDisplay.swift in Sources */ = {isa = PBXBuildFile; fileRef = 9B4DD201237F570E00238902 /* IDisplay.swift */; };
		9B4DD212237F5F8800238902 /* EmployeeDetailsViewController.swift in Sources */ = {isa = PBXBuildFile; fileRef = 9B4DD211237F5F8800238902 /* EmployeeDetailsViewController.swift */; };
		9B4DD214237F8F5E00238902 /* StringToInt.swift in Sources */ = {isa = PBXBuildFile; fileRef = 9B4DD213237F8F5E00238902 /* StringToInt.swift */; };
		9B4FD165237E435200A055CF /* HomeTableViewController.swift in Sources */ = {isa = PBXBuildFile; fileRef = 9B4FD164237E435200A055CF /* HomeTableViewController.swift */; };
		9B5BB1C2237F4396005F56F9 /* payrollsystem.jpg in Resources */ = {isa = PBXBuildFile; fileRef = 9B5BB1C1237F4396005F56F9 /* payrollsystem.jpg */; };
		9B5BB1C4237F44F1005F56F9 /* emp.png in Resources */ = {isa = PBXBuildFile; fileRef = 9B5BB1C3237F44F1005F56F9 /* emp.png */; };
		9B5D43EB237F2A080052DDFA /* ViewEmployeeViewController.swift in Sources */ = {isa = PBXBuildFile; fileRef = 9B5D43EA237F2A080052DDFA /* ViewEmployeeViewController.swift */; };
		9B5D43ED237F2CD20052DDFA /* AddEmployeeViewController.swift in Sources */ = {isa = PBXBuildFile; fileRef = 9B5D43EC237F2CD20052DDFA /* AddEmployeeViewController.swift */; };
		9B5D43EF237F2D480052DDFA /* ContactUsViewController.swift in Sources */ = {isa = PBXBuildFile; fileRef = 9B5D43EE237F2D480052DDFA /* ContactUsViewController.swift */; };
		9B5D43F1237F2D630052DDFA /* AboutUsViewController.swift in Sources */ = {isa = PBXBuildFile; fileRef = 9B5D43F0237F2D630052DDFA /* AboutUsViewController.swift */; };
		9B5D43F3237F2D760052DDFA /* LogoutViewController.swift in Sources */ = {isa = PBXBuildFile; fileRef = 9B5D43F2237F2D760052DDFA /* LogoutViewController.swift */; };
		9BC21CAD237A240700E3A8F7 /* AppDelegate.swift in Sources */ = {isa = PBXBuildFile; fileRef = 9BC21CAC237A240700E3A8F7 /* AppDelegate.swift */; };
		9BC21CAF237A240700E3A8F7 /* SceneDelegate.swift in Sources */ = {isa = PBXBuildFile; fileRef = 9BC21CAE237A240700E3A8F7 /* SceneDelegate.swift */; };
		9BC21CB1237A240700E3A8F7 /* ViewController.swift in Sources */ = {isa = PBXBuildFile; fileRef = 9BC21CB0237A240700E3A8F7 /* ViewController.swift */; };
		9BC21CB4237A240700E3A8F7 /* Main.storyboard in Resources */ = {isa = PBXBuildFile; fileRef = 9BC21CB2237A240700E3A8F7 /* Main.storyboard */; };
		9BC21CB6237A240800E3A8F7 /* Assets.xcassets in Resources */ = {isa = PBXBuildFile; fileRef = 9BC21CB5237A240800E3A8F7 /* Assets.xcassets */; };
		9BC21CB9237A240800E3A8F7 /* LaunchScreen.storyboard in Resources */ = {isa = PBXBuildFile; fileRef = 9BC21CB7237A240800E3A8F7 /* LaunchScreen.storyboard */; };
/* End PBXBuildFile section */

/* Begin PBXCopyFilesBuildPhase section */
		9B4DD1C2237F513400238902 /* CopyFiles */ = {
			isa = PBXCopyFilesBuildPhase;
			buildActionMask = 2147483647;
			dstPath = "";
			dstSubfolderSpec = 7;
			files = (
			);
			runOnlyForDeploymentPostprocessing = 0;
		};
/* End PBXCopyFilesBuildPhase section */

/* Begin PBXFileReference section */
		9B0034372380AD8100CB2E0E /* EmployeeNameTableViewCell.swift */ = {isa = PBXFileReference; lastKnownFileType = sourcecode.swift; path = EmployeeNameTableViewCell.swift; sourceTree = "<group>"; };
		9B0034392380BAE700CB2E0E /* FloatToStringExtension.swift */ = {isa = PBXFileReference; lastKnownFileType = sourcecode.swift; path = FloatToStringExtension.swift; sourceTree = "<group>"; };
		9B02A0D8237B9A4500BDF44E /* LoginViewController.swift */ = {isa = PBXFileReference; lastKnownFileType = sourcecode.swift; path = LoginViewController.swift; sourceTree = "<group>"; };
		9B02A0DC237B9DBB00BDF44E /* eLogin.plist */ = {isa = PBXFileReference; fileEncoding = 4; lastKnownFileType = text.plist.xml; path = eLogin.plist; sourceTree = "<group>"; };
		9B4DD1EC237F547F00238902 /* Singleton.swift */ = {isa = PBXFileReference; lastKnownFileType = sourcecode.swift; path = Singleton.swift; sourceTree = "<group>"; };
		9B4DD1F0237F570E00238902 /* Vehicle.swift */ = {isa = PBXFileReference; fileEncoding = 4; lastKnownFileType = sourcecode.swift; path = Vehicle.swift; sourceTree = "<group>"; };
		9B4DD1F1237F570E00238902 /* Car.swift */ = {isa = PBXFileReference; fileEncoding = 4; lastKnownFileType = sourcecode.swift; path = Car.swift; sourceTree = "<group>"; };
		9B4DD1F2237F570E00238902 /* Motorcycle.swift */ = {isa = PBXFileReference; fileEncoding = 4; lastKnownFileType = sourcecode.swift; path = Motorcycle.swift; sourceTree = "<group>"; };
		9B4DD1F4237F570E00238902 /* SalaryExtension.swift */ = {isa = PBXFileReference; fileEncoding = 4; lastKnownFileType = sourcecode.swift; path = SalaryExtension.swift; sourceTree = "<group>"; };
		9B4DD1F5237F570E00238902 /* AgeExtension.swift */ = {isa = PBXFileReference; fileEncoding = 4; lastKnownFileType = sourcecode.swift; path = AgeExtension.swift; sourceTree = "<group>"; };
		9B4DD1F7237F570E00238902 /* Users.json */ = {isa = PBXFileReference; fileEncoding = 4; lastKnownFileType = text.json; path = Users.json; sourceTree = "<group>"; };
		9B4DD1FA237F570E00238902 /* FixedBasedPartTime.swift */ = {isa = PBXFileReference; fileEncoding = 4; lastKnownFileType = sourcecode.swift; path = FixedBasedPartTime.swift; sourceTree = "<group>"; };
		9B4DD1FB237F570E00238902 /* CommissionBasedPartTime.swift */ = {isa = PBXFileReference; fileEncoding = 4; lastKnownFileType = sourcecode.swift; path = CommissionBasedPartTime.swift; sourceTree = "<group>"; };
		9B4DD1FC237F570E00238902 /* FullTIme.swift */ = {isa = PBXFileReference; fileEncoding = 4; lastKnownFileType = sourcecode.swift; path = FullTIme.swift; sourceTree = "<group>"; };
		9B4DD1FD237F570E00238902 /* Employee.swift */ = {isa = PBXFileReference; fileEncoding = 4; lastKnownFileType = sourcecode.swift; path = Employee.swift; sourceTree = "<group>"; };
		9B4DD1FE237F570E00238902 /* Intern.swift */ = {isa = PBXFileReference; fileEncoding = 4; lastKnownFileType = sourcecode.swift; path = Intern.swift; sourceTree = "<group>"; };
		9B4DD1FF237F570E00238902 /* PartTime.swift */ = {isa = PBXFileReference; fileEncoding = 4; lastKnownFileType = sourcecode.swift; path = PartTime.swift; sourceTree = "<group>"; };
		9B4DD201237F570E00238902 /* IDisplay.swift */ = {isa = PBXFileReference; fileEncoding = 4; lastKnownFileType = sourcecode.swift; path = IDisplay.swift; sourceTree = "<group>"; };
		9B4DD211237F5F8800238902 /* EmployeeDetailsViewController.swift */ = {isa = PBXFileReference; lastKnownFileType = sourcecode.swift; path = EmployeeDetailsViewController.swift; sourceTree = "<group>"; };
		9B4DD213237F8F5E00238902 /* StringToInt.swift */ = {isa = PBXFileReference; lastKnownFileType = sourcecode.swift; path = StringToInt.swift; sourceTree = "<group>"; };
		9B4FD164237E435200A055CF /* HomeTableViewController.swift */ = {isa = PBXFileReference; lastKnownFileType = sourcecode.swift; path = HomeTableViewController.swift; sourceTree = "<group>"; };
		9B5BB1C1237F4396005F56F9 /* payrollsystem.jpg */ = {isa = PBXFileReference; lastKnownFileType = image.jpeg; path = payrollsystem.jpg; sourceTree = "<group>"; };
		9B5BB1C3237F44F1005F56F9 /* emp.png */ = {isa = PBXFileReference; lastKnownFileType = image.png; path = emp.png; sourceTree = "<group>"; };
		9B5D43EA237F2A080052DDFA /* ViewEmployeeViewController.swift */ = {isa = PBXFileReference; lastKnownFileType = sourcecode.swift; path = ViewEmployeeViewController.swift; sourceTree = "<group>"; };
		9B5D43EC237F2CD20052DDFA /* AddEmployeeViewController.swift */ = {isa = PBXFileReference; lastKnownFileType = sourcecode.swift; path = AddEmployeeViewController.swift; sourceTree = "<group>"; };
		9B5D43EE237F2D480052DDFA /* ContactUsViewController.swift */ = {isa = PBXFileReference; lastKnownFileType = sourcecode.swift; path = ContactUsViewController.swift; sourceTree = "<group>"; };
		9B5D43F0237F2D630052DDFA /* AboutUsViewController.swift */ = {isa = PBXFileReference; lastKnownFileType = sourcecode.swift; path = AboutUsViewController.swift; sourceTree = "<group>"; };
		9B5D43F2237F2D760052DDFA /* LogoutViewController.swift */ = {isa = PBXFileReference; lastKnownFileType = sourcecode.swift; path = LogoutViewController.swift; sourceTree = "<group>"; };
		9BC21CA9237A240700E3A8F7 /* Group3_F2019_MAD115_FP.app */ = {isa = PBXFileReference; explicitFileType = wrapper.application; includeInIndex = 0; path = Group3_F2019_MAD115_FP.app; sourceTree = BUILT_PRODUCTS_DIR; };
		9BC21CAC237A240700E3A8F7 /* AppDelegate.swift */ = {isa = PBXFileReference; lastKnownFileType = sourcecode.swift; path = AppDelegate.swift; sourceTree = "<group>"; };
		9BC21CAE237A240700E3A8F7 /* SceneDelegate.swift */ = {isa = PBXFileReference; lastKnownFileType = sourcecode.swift; path = SceneDelegate.swift; sourceTree = "<group>"; };
		9BC21CB0237A240700E3A8F7 /* ViewController.swift */ = {isa = PBXFileReference; lastKnownFileType = sourcecode.swift; path = ViewController.swift; sourceTree = "<group>"; };
		9BC21CB3237A240700E3A8F7 /* Base */ = {isa = PBXFileReference; lastKnownFileType = file.storyboard; name = Base; path = Base.lproj/Main.storyboard; sourceTree = "<group>"; };
		9BC21CB5237A240800E3A8F7 /* Assets.xcassets */ = {isa = PBXFileReference; lastKnownFileType = folder.assetcatalog; path = Assets.xcassets; sourceTree = "<group>"; };
		9BC21CB8237A240800E3A8F7 /* Base */ = {isa = PBXFileReference; lastKnownFileType = file.storyboard; name = Base; path = Base.lproj/LaunchScreen.storyboard; sourceTree = "<group>"; };
		9BC21CBA237A240800E3A8F7 /* Info.plist */ = {isa = PBXFileReference; lastKnownFileType = text.plist.xml; path = Info.plist; sourceTree = "<group>"; };
/* End PBXFileReference section */

/* Begin PBXFrameworksBuildPhase section */
		9BC21CA6237A240700E3A8F7 /* Frameworks */ = {
			isa = PBXFrameworksBuildPhase;
			buildActionMask = 2147483647;
			files = (
			);
			runOnlyForDeploymentPostprocessing = 0;
		};
/* End PBXFrameworksBuildPhase section */

/* Begin PBXGroup section */
		9B4DD1EE237F570E00238902 /* Swift_Payroll_Project */ = {
			isa = PBXGroup;
			children = (
				9B4DD1EF237F570E00238902 /* Vehicle  */,
				9B4DD1F3237F570E00238902 /* Extensions */,
				9B4DD1F6237F570E00238902 /* Main */,
				9B4DD1F9237F570E00238902 /* Employee */,
				9B4DD200237F570E00238902 /* Display Protocol */,
				9B4DD202237F570E00238902 /* JSON File */,
			);
			path = Swift_Payroll_Project;
			sourceTree = "<group>";
		};
		9B4DD1EF237F570E00238902 /* Vehicle  */ = {
			isa = PBXGroup;
			children = (
				9B4DD1F0237F570E00238902 /* Vehicle.swift */,
				9B4DD1F1237F570E00238902 /* Car.swift */,
				9B4DD1F2237F570E00238902 /* Motorcycle.swift */,
			);
			path = "Vehicle ";
			sourceTree = "<group>";
		};
		9B4DD1F3237F570E00238902 /* Extensions */ = {
			isa = PBXGroup;
			children = (
				9B4DD1F4237F570E00238902 /* SalaryExtension.swift */,
				9B4DD1F5237F570E00238902 /* AgeExtension.swift */,
			);
			path = Extensions;
			sourceTree = "<group>";
		};
		9B4DD1F6237F570E00238902 /* Main */ = {
			isa = PBXGroup;
			children = (
				9B4DD1F7237F570E00238902 /* Users.json */,
			);
			path = Main;
			sourceTree = "<group>";
		};
		9B4DD1F9237F570E00238902 /* Employee */ = {
			isa = PBXGroup;
			children = (
				9B4DD1FA237F570E00238902 /* FixedBasedPartTime.swift */,
				9B4DD1FB237F570E00238902 /* CommissionBasedPartTime.swift */,
				9B4DD1FC237F570E00238902 /* FullTIme.swift */,
				9B4DD1FD237F570E00238902 /* Employee.swift */,
				9B4DD1FE237F570E00238902 /* Intern.swift */,
				9B4DD1FF237F570E00238902 /* PartTime.swift */,
			);
			path = Employee;
			sourceTree = "<group>";
		};
		9B4DD200237F570E00238902 /* Display Protocol */ = {
			isa = PBXGroup;
			children = (
				9B4DD201237F570E00238902 /* IDisplay.swift */,
			);
			path = "Display Protocol";
			sourceTree = "<group>";
		};
		9B4DD202237F570E00238902 /* JSON File */ = {
			isa = PBXGroup;
			children = (
			);
			path = "JSON File";
			sourceTree = "<group>";
		};
		9BC21CA0237A240700E3A8F7 = {
			isa = PBXGroup;
			children = (
				9BC21CAB237A240700E3A8F7 /* Group3_F2019_MAD115_FP */,
				9BC21CAA237A240700E3A8F7 /* Products */,
			);
			sourceTree = "<group>";
		};
		9BC21CAA237A240700E3A8F7 /* Products */ = {
			isa = PBXGroup;
			children = (
				9BC21CA9237A240700E3A8F7 /* Group3_F2019_MAD115_FP.app */,
			);
			name = Products;
			sourceTree = "<group>";
		};
		9BC21CAB237A240700E3A8F7 /* Group3_F2019_MAD115_FP */ = {
			isa = PBXGroup;
			children = (
				9BC21CAC237A240700E3A8F7 /* AppDelegate.swift */,
				9BC21CAE237A240700E3A8F7 /* SceneDelegate.swift */,
				9B02A0D8237B9A4500BDF44E /* LoginViewController.swift */,
				9B4FD164237E435200A055CF /* HomeTableViewController.swift */,
				9BC21CB2237A240700E3A8F7 /* Main.storyboard */,
				9BC21CB5237A240800E3A8F7 /* Assets.xcassets */,
				9B5BB1C3237F44F1005F56F9 /* emp.png */,
				9B5BB1C1237F4396005F56F9 /* payrollsystem.jpg */,
				9BC21CB7237A240800E3A8F7 /* LaunchScreen.storyboard */,
				9BC21CBA237A240800E3A8F7 /* Info.plist */,
				9B02A0DC237B9DBB00BDF44E /* eLogin.plist */,
				9BC21CB0237A240700E3A8F7 /* ViewController.swift */,
				9B5D43EA237F2A080052DDFA /* ViewEmployeeViewController.swift */,
				9B5D43EC237F2CD20052DDFA /* AddEmployeeViewController.swift */,
				9B5D43EE237F2D480052DDFA /* ContactUsViewController.swift */,
				9B5D43F0237F2D630052DDFA /* AboutUsViewController.swift */,
				9B5D43F2237F2D760052DDFA /* LogoutViewController.swift */,
				9B4DD1EC237F547F00238902 /* Singleton.swift */,
				9B4DD211237F5F8800238902 /* EmployeeDetailsViewController.swift */,
				9B4DD213237F8F5E00238902 /* StringToInt.swift */,
				9B4DD1EE237F570E00238902 /* Swift_Payroll_Project */,
				9B0034372380AD8100CB2E0E /* EmployeeNameTableViewCell.swift */,
				9B0034392380BAE700CB2E0E /* FloatToStringExtension.swift */,
			);
			path = Group3_F2019_MAD115_FP;
			sourceTree = "<group>";
		};
/* End PBXGroup section */

/* Begin PBXNativeTarget section */
		9BC21CA8237A240700E3A8F7 /* Group3_F2019_MAD115_FP */ = {
			isa = PBXNativeTarget;
			buildConfigurationList = 9BC21CBD237A240800E3A8F7 /* Build configuration list for PBXNativeTarget "Group3_F2019_MAD115_FP" */;
			buildPhases = (
				9BC21CA5237A240700E3A8F7 /* Sources */,
				9BC21CA6237A240700E3A8F7 /* Frameworks */,
				9BC21CA7237A240700E3A8F7 /* Resources */,
				9B4DD1C2237F513400238902 /* CopyFiles */,
			);
			buildRules = (
			);
			dependencies = (
			);
			name = Group3_F2019_MAD115_FP;
			productName = Group3_F2019_MAD115_FP;
			productReference = 9BC21CA9237A240700E3A8F7 /* Group3_F2019_MAD115_FP.app */;
			productType = "com.apple.product-type.application";
		};
/* End PBXNativeTarget section */

/* Begin PBXProject section */
		9BC21CA1237A240700E3A8F7 /* Project object */ = {
			isa = PBXProject;
			attributes = {
				LastSwiftUpdateCheck = 1120;
				LastUpgradeCheck = 1120;
				ORGANIZATIONNAME = MacStudent;
				TargetAttributes = {
					9BC21CA8237A240700E3A8F7 = {
						CreatedOnToolsVersion = 11.2;
					};
				};
			};
			buildConfigurationList = 9BC21CA4237A240700E3A8F7 /* Build configuration list for PBXProject "Group3_F2019_MAD115_FP" */;
			compatibilityVersion = "Xcode 9.3";
			developmentRegion = en;
			hasScannedForEncodings = 0;
			knownRegions = (
				en,
				Base,
			);
			mainGroup = 9BC21CA0237A240700E3A8F7;
			productRefGroup = 9BC21CAA237A240700E3A8F7 /* Products */;
			projectDirPath = "";
			projectRoot = "";
			targets = (
				9BC21CA8237A240700E3A8F7 /* Group3_F2019_MAD115_FP */,
			);
		};
/* End PBXProject section */

/* Begin PBXResourcesBuildPhase section */
		9BC21CA7237A240700E3A8F7 /* Resources */ = {
			isa = PBXResourcesBuildPhase;
			buildActionMask = 2147483647;
			files = (
				9B5BB1C4237F44F1005F56F9 /* emp.png in Resources */,
				9B02A0DD237B9DBB00BDF44E /* eLogin.plist in Resources */,
				9BC21CB9237A240800E3A8F7 /* LaunchScreen.storyboard in Resources */,
				9B5BB1C2237F4396005F56F9 /* payrollsystem.jpg in Resources */,
				9BC21CB6237A240800E3A8F7 /* Assets.xcassets in Resources */,
				9BC21CB4237A240700E3A8F7 /* Main.storyboard in Resources */,
				9B4DD208237F570E00238902 /* Users.json in Resources */,
			);
			runOnlyForDeploymentPostprocessing = 0;
		};
/* End PBXResourcesBuildPhase section */

/* Begin PBXSourcesBuildPhase section */
		9BC21CA5237A240700E3A8F7 /* Sources */ = {
			isa = PBXSourcesBuildPhase;
			buildActionMask = 2147483647;
			files = (
				9B4DD20B237F570E00238902 /* CommissionBasedPartTime.swift in Sources */,
				9B4DD203237F570E00238902 /* Vehicle.swift in Sources */,
				9B4DD214237F8F5E00238902 /* StringToInt.swift in Sources */,
				9B02A0D9237B9A4500BDF44E /* LoginViewController.swift in Sources */,
				9B4DD212237F5F8800238902 /* EmployeeDetailsViewController.swift in Sources */,
				9B5D43F1237F2D630052DDFA /* AboutUsViewController.swift in Sources */,
				9B4DD20A237F570E00238902 /* FixedBasedPartTime.swift in Sources */,
				9BC21CB1237A240700E3A8F7 /* ViewController.swift in Sources */,
				9B4DD204237F570E00238902 /* Car.swift in Sources */,
				9B4DD210237F570E00238902 /* IDisplay.swift in Sources */,
				9B5D43ED237F2CD20052DDFA /* AddEmployeeViewController.swift in Sources */,
				9B4DD205237F570E00238902 /* Motorcycle.swift in Sources */,
				9B4DD20D237F570E00238902 /* Employee.swift in Sources */,
				9B4DD207237F570E00238902 /* AgeExtension.swift in Sources */,
				9B4DD20F237F570E00238902 /* PartTime.swift in Sources */,
				9B4DD20C237F570E00238902 /* FullTIme.swift in Sources */,
				9B00343A2380BAE700CB2E0E /* FloatToStringExtension.swift in Sources */,
				9B4DD206237F570E00238902 /* SalaryExtension.swift in Sources */,
				9B5D43EF237F2D480052DDFA /* ContactUsViewController.swift in Sources */,
				9BC21CAD237A240700E3A8F7 /* AppDelegate.swift in Sources */,
				9B4FD165237E435200A055CF /* HomeTableViewController.swift in Sources */,
				9B0034382380AD8100CB2E0E /* EmployeeNameTableViewCell.swift in Sources */,
				9B5D43EB237F2A080052DDFA /* ViewEmployeeViewController.swift in Sources */,
				9B5D43F3237F2D760052DDFA /* LogoutViewController.swift in Sources */,
				9BC21CAF237A240700E3A8F7 /* SceneDelegate.swift in Sources */,
				9B4DD1ED237F547F00238902 /* Singleton.swift in Sources */,
				9B4DD20E237F570E00238902 /* Intern.swift in Sources */,
			);
			runOnlyForDeploymentPostprocessing = 0;
		};
/* End PBXSourcesBuildPhase section */

/* Begin PBXVariantGroup section */
		9BC21CB2237A240700E3A8F7 /* Main.storyboard */ = {
			isa = PBXVariantGroup;
			children = (
				9BC21CB3237A240700E3A8F7 /* Base */,
			);
			name = Main.storyboard;
			sourceTree = "<group>";
		};
		9BC21CB7237A240800E3A8F7 /* LaunchScreen.storyboard */ = {
			isa = PBXVariantGroup;
			children = (
				9BC21CB8237A240800E3A8F7 /* Base */,
			);
			name = LaunchScreen.storyboard;
			sourceTree = "<group>";
		};
/* End PBXVariantGroup section */

/* Begin XCBuildConfiguration section */
		9BC21CBB237A240800E3A8F7 /* Debug */ = {
			isa = XCBuildConfiguration;
			buildSettings = {
				ALWAYS_SEARCH_USER_PATHS = NO;
				CLANG_ANALYZER_NONNULL = YES;
				CLANG_ANALYZER_NUMBER_OBJECT_CONVERSION = YES_AGGRESSIVE;
				CLANG_CXX_LANGUAGE_STANDARD = "gnu++14";
				CLANG_CXX_LIBRARY = "libc++";
				CLANG_ENABLE_MODULES = YES;
				CLANG_ENABLE_OBJC_ARC = YES;
				CLANG_ENABLE_OBJC_WEAK = YES;
				CLANG_WARN_BLOCK_CAPTURE_AUTORELEASING = YES;
				CLANG_WARN_BOOL_CONVERSION = YES;
				CLANG_WARN_COMMA = YES;
				CLANG_WARN_CONSTANT_CONVERSION = YES;
				CLANG_WARN_DEPRECATED_OBJC_IMPLEMENTATIONS = YES;
				CLANG_WARN_DIRECT_OBJC_ISA_USAGE = YES_ERROR;
				CLANG_WARN_DOCUMENTATION_COMMENTS = YES;
				CLANG_WARN_EMPTY_BODY = YES;
				CLANG_WARN_ENUM_CONVERSION = YES;
				CLANG_WARN_INFINITE_RECURSION = YES;
				CLANG_WARN_INT_CONVERSION = YES;
				CLANG_WARN_NON_LITERAL_NULL_CONVERSION = YES;
				CLANG_WARN_OBJC_IMPLICIT_RETAIN_SELF = YES;
				CLANG_WARN_OBJC_LITERAL_CONVERSION = YES;
				CLANG_WARN_OBJC_ROOT_CLASS = YES_ERROR;
				CLANG_WARN_RANGE_LOOP_ANALYSIS = YES;
				CLANG_WARN_STRICT_PROTOTYPES = YES;
				CLANG_WARN_SUSPICIOUS_MOVE = YES;
				CLANG_WARN_UNGUARDED_AVAILABILITY = YES_AGGRESSIVE;
				CLANG_WARN_UNREACHABLE_CODE = YES;
				CLANG_WARN__DUPLICATE_METHOD_MATCH = YES;
				COPY_PHASE_STRIP = NO;
				DEBUG_INFORMATION_FORMAT = dwarf;
				ENABLE_STRICT_OBJC_MSGSEND = YES;
				ENABLE_TESTABILITY = YES;
				GCC_C_LANGUAGE_STANDARD = gnu11;
				GCC_DYNAMIC_NO_PIC = NO;
				GCC_NO_COMMON_BLOCKS = YES;
				GCC_OPTIMIZATION_LEVEL = 0;
				GCC_PREPROCESSOR_DEFINITIONS = (
					"DEBUG=1",
					"$(inherited)",
				);
				GCC_WARN_64_TO_32_BIT_CONVERSION = YES;
				GCC_WARN_ABOUT_RETURN_TYPE = YES_ERROR;
				GCC_WARN_UNDECLARED_SELECTOR = YES;
				GCC_WARN_UNINITIALIZED_AUTOS = YES_AGGRESSIVE;
				GCC_WARN_UNUSED_FUNCTION = YES;
				GCC_WARN_UNUSED_VARIABLE = YES;
				IPHONEOS_DEPLOYMENT_TARGET = 13.2;
				MTL_ENABLE_DEBUG_INFO = INCLUDE_SOURCE;
				MTL_FAST_MATH = YES;
				ONLY_ACTIVE_ARCH = YES;
				SDKROOT = iphoneos;
				SWIFT_ACTIVE_COMPILATION_CONDITIONS = DEBUG;
				SWIFT_OPTIMIZATION_LEVEL = "-Onone";
			};
			name = Debug;
		};
		9BC21CBC237A240800E3A8F7 /* Release */ = {
			isa = XCBuildConfiguration;
			buildSettings = {
				ALWAYS_SEARCH_USER_PATHS = NO;
				CLANG_ANALYZER_NONNULL = YES;
				CLANG_ANALYZER_NUMBER_OBJECT_CONVERSION = YES_AGGRESSIVE;
				CLANG_CXX_LANGUAGE_STANDARD = "gnu++14";
				CLANG_CXX_LIBRARY = "libc++";
				CLANG_ENABLE_MODULES = YES;
				CLANG_ENABLE_OBJC_ARC = YES;
				CLANG_ENABLE_OBJC_WEAK = YES;
				CLANG_WARN_BLOCK_CAPTURE_AUTORELEASING = YES;
				CLANG_WARN_BOOL_CONVERSION = YES;
				CLANG_WARN_COMMA = YES;
				CLANG_WARN_CONSTANT_CONVERSION = YES;
				CLANG_WARN_DEPRECATED_OBJC_IMPLEMENTATIONS = YES;
				CLANG_WARN_DIRECT_OBJC_ISA_USAGE = YES_ERROR;
				CLANG_WARN_DOCUMENTATION_COMMENTS = YES;
				CLANG_WARN_EMPTY_BODY = YES;
				CLANG_WARN_ENUM_CONVERSION = YES;
				CLANG_WARN_INFINITE_RECURSION = YES;
				CLANG_WARN_INT_CONVERSION = YES;
				CLANG_WARN_NON_LITERAL_NULL_CONVERSION = YES;
				CLANG_WARN_OBJC_IMPLICIT_RETAIN_SELF = YES;
				CLANG_WARN_OBJC_LITERAL_CONVERSION = YES;
				CLANG_WARN_OBJC_ROOT_CLASS = YES_ERROR;
				CLANG_WARN_RANGE_LOOP_ANALYSIS = YES;
				CLANG_WARN_STRICT_PROTOTYPES = YES;
				CLANG_WARN_SUSPICIOUS_MOVE = YES;
				CLANG_WARN_UNGUARDED_AVAILABILITY = YES_AGGRESSIVE;
				CLANG_WARN_UNREACHABLE_CODE = YES;
				CLANG_WARN__DUPLICATE_METHOD_MATCH = YES;
				COPY_PHASE_STRIP = NO;
				DEBUG_INFORMATION_FORMAT = "dwarf-with-dsym";
				ENABLE_NS_ASSERTIONS = NO;
				ENABLE_STRICT_OBJC_MSGSEND = YES;
				GCC_C_LANGUAGE_STANDARD = gnu11;
				GCC_NO_COMMON_BLOCKS = YES;
				GCC_WARN_64_TO_32_BIT_CONVERSION = YES;
				GCC_WARN_ABOUT_RETURN_TYPE = YES_ERROR;
				GCC_WARN_UNDECLARED_SELECTOR = YES;
				GCC_WARN_UNINITIALIZED_AUTOS = YES_AGGRESSIVE;
				GCC_WARN_UNUSED_FUNCTION = YES;
				GCC_WARN_UNUSED_VARIABLE = YES;
				IPHONEOS_DEPLOYMENT_TARGET = 13.2;
				MTL_ENABLE_DEBUG_INFO = NO;
				MTL_FAST_MATH = YES;
				SDKROOT = iphoneos;
				SWIFT_COMPILATION_MODE = wholemodule;
				SWIFT_OPTIMIZATION_LEVEL = "-O";
				VALIDATE_PRODUCT = YES;
			};
			name = Release;
		};
		9BC21CBE237A240800E3A8F7 /* Debug */ = {
			isa = XCBuildConfiguration;
			buildSettings = {
				ASSETCATALOG_COMPILER_APPICON_NAME = AppIcon;
				CODE_SIGN_STYLE = Automatic;
				INFOPLIST_FILE = Group3_F2019_MAD115_FP/Info.plist;
				LD_RUNPATH_SEARCH_PATHS = (
					"$(inherited)",
					"@executable_path/Frameworks",
				);
				PRODUCT_BUNDLE_IDENTIFIER = "com.someplay.Group3-F2019-MAD115-FP";
				PRODUCT_NAME = "$(TARGET_NAME)";
				SWIFT_VERSION = 5.0;
				TARGETED_DEVICE_FAMILY = 1;
			};
			name = Debug;
		};
		9BC21CBF237A240800E3A8F7 /* Release */ = {
			isa = XCBuildConfiguration;
			buildSettings = {
				ASSETCATALOG_COMPILER_APPICON_NAME = AppIcon;
				CODE_SIGN_STYLE = Automatic;
				INFOPLIST_FILE = Group3_F2019_MAD115_FP/Info.plist;
				LD_RUNPATH_SEARCH_PATHS = (
					"$(inherited)",
					"@executable_path/Frameworks",
				);
				PRODUCT_BUNDLE_IDENTIFIER = "com.someplay.Group3-F2019-MAD115-FP";
				PRODUCT_NAME = "$(TARGET_NAME)";
				SWIFT_VERSION = 5.0;
				TARGETED_DEVICE_FAMILY = 1;
			};
			name = Release;
		};
/* End XCBuildConfiguration section */

/* Begin XCConfigurationList section */
		9BC21CA4237A240700E3A8F7 /* Build configuration list for PBXProject "Group3_F2019_MAD115_FP" */ = {
			isa = XCConfigurationList;
			buildConfigurations = (
				9BC21CBB237A240800E3A8F7 /* Debug */,
				9BC21CBC237A240800E3A8F7 /* Release */,
			);
			defaultConfigurationIsVisible = 0;
			defaultConfigurationName = Release;
		};
		9BC21CBD237A240800E3A8F7 /* Build configuration list for PBXNativeTarget "Group3_F2019_MAD115_FP" */ = {
			isa = XCConfigurationList;
			buildConfigurations = (
				9BC21CBE237A240800E3A8F7 /* Debug */,
				9BC21CBF237A240800E3A8F7 /* Release */,
			);
			defaultConfigurationIsVisible = 0;
			defaultConfigurationName = Release;
		};
/* End XCConfigurationList section */
	};
	rootObject = 9BC21CA1237A240700E3A8F7 /* Project object */;
}
