// !$*UTF8*$!
{
	archiveVersion = 1;
	classes = {
	};
	objectVersion = 50;
	objects = {

/* Begin PBXBuildFile section */
		9B02A0D9237B9A4500BDF44E /* LoginViewController.swift in Sources */ = {isa = PBXBuildFile; fileRef = 9B02A0D8237B9A4500BDF44E /* LoginViewController.swift */; };
		9B02A0DD237B9DBB00BDF44E /* eLogin.plist in Resources */ = {isa = PBXBuildFile; fileRef = 9B02A0DC237B9DBB00BDF44E /* eLogin.plist */; };
		9BC21CAD237A240700E3A8F7 /* AppDelegate.swift in Sources */ = {isa = PBXBuildFile; fileRef = 9BC21CAC237A240700E3A8F7 /* AppDelegate.swift */; };
		9BC21CAF237A240700E3A8F7 /* SceneDelegate.swift in Sources */ = {isa = PBXBuildFile; fileRef = 9BC21CAE237A240700E3A8F7 /* SceneDelegate.swift */; };
		9BC21CB1237A240700E3A8F7 /* ViewController.swift in Sources */ = {isa = PBXBuildFile; fileRef = 9BC21CB0237A240700E3A8F7 /* ViewController.swift */; };
		9BC21CB4237A240700E3A8F7 /* Main.storyboard in Resources */ = {isa = PBXBuildFile; fileRef = 9BC21CB2237A240700E3A8F7 /* Main.storyboard */; };
		9BC21CB6237A240800E3A8F7 /* Assets.xcassets in Resources */ = {isa = PBXBuildFile; fileRef = 9BC21CB5237A240800E3A8F7 /* Assets.xcassets */; };
		9BC21CB9237A240800E3A8F7 /* LaunchScreen.storyboard in Resources */ = {isa = PBXBuildFile; fileRef = 9BC21CB7237A240800E3A8F7 /* LaunchScreen.storyboard */; };
/* End PBXBuildFile section */

/* Begin PBXFileReference section */
		9B02A0D8237B9A4500BDF44E /* LoginViewController.swift */ = {isa = PBXFileReference; lastKnownFileType = sourcecode.swift; path = LoginViewController.swift; sourceTree = "<group>"; };
		9B02A0DC237B9DBB00BDF44E /* eLogin.plist */ = {isa = PBXFileReference; fileEncoding = 4; lastKnownFileType = text.plist.xml; path = eLogin.plist; sourceTree = "<group>"; };
		9BC21CA9237A240700E3A8F7 /* Group3_F2019_MAD115_FP.app */ = {isa = PBXFileReference; explicitFileType = wrapper.application; includeInIndex = 0; path = Group3_F2019_MAD115_FP.app; sourceTree = BUILT_PRODUCTS_DIR; };
		9BC21CAC237A240700E3A8F7 /* AppDelegate.swift */ = {isa = PBXFileReference; lastKnownFileType = sourcecode.swift; path = AppDelegate.swift; sourceTree = "<group>"; };
		9BC21CAE237A240700E3A8F7 /* SceneDelegate.swift */ = {isa = PBXFileReference; lastKnownFileType = sourcecode.swift; path = SceneDelegate.swift; sourceTree = "<group>"; };
		9BC21CB0237A240700E3A8F7 /* ViewController.swift */ = {isa = PBXFileReference; lastKnownFileType = sourcecode.swift; path = ViewController.swift; sourceTree = "<group>"; };
		9BC21CB3237A240700E3A8F7 /* Base */ = {isa = PBXFileReference; lastKnownFileType = file.storyboard; name = Base; path = Base.lproj/Main.storyboard; sourceTree = "<group>"; };
		9BC21CB5237A240800E3A8F7 /* Assets.xcassets */ = {isa = PBXFileReference; lastKnownFileType = folder.assetcatalog; path = Assets.xcassets; sourceTree = "<group>"; };
		9BC21CB8237A240800E3A8F7 /* Base */ = {isa = PBXFileReference; lastKnownFileType = file.storyboard; name = Base; path = Base.lproj/LaunchScreen.storyboard; sourceTree = "<group>"; };
		9BC21CBA237A240800E3A8F7 /* Info.plist */ = {isa = PBXFileReference; lastKnownFileType = text.plist.xml; path = Info.plist; sourceTree = "<group>"; };
/* End PBXFileReference section */

/* Begin PBXFrameworksBuildPhase section */
		9BC21CA6237A240700E3A8F7 /* Frameworks */ = {
			isa = PBXFrameworksBuildPhase;
			buildActionMask = 2147483647;
			files = (
			);
			runOnlyForDeploymentPostprocessing = 0;
		};
/* End PBXFrameworksBuildPhase section */

/* Begin PBXGroup section */
		9BC21CA0237A240700E3A8F7 = {
			isa = PBXGroup;
			children = (
				9BC21CAB237A240700E3A8F7 /* Group3_F2019_MAD115_FP */,
				9BC21CAA237A240700E3A8F7 /* Products */,
			);
			sourceTree = "<group>";
		};
		9BC21CAA237A240700E3A8F7 /* Products */ = {
			isa = PBXGroup;
			children = (
				9BC21CA9237A240700E3A8F7 /* Group3_F2019_MAD115_FP.app */,
			);
			name = Products;
			sourceTree = "<group>";
		};
		9BC21CAB237A240700E3A8F7 /* Group3_F2019_MAD115_FP */ = {
			isa = PBXGroup;
			children = (
				9BC21CAC237A240700E3A8F7 /* AppDelegate.swift */,
				9BC21CAE237A240700E3A8F7 /* SceneDelegate.swift */,
				9BC21CB0237A240700E3A8F7 /* ViewController.swift */,
				9B02A0D8237B9A4500BDF44E /* LoginViewController.swift */,
				9BC21CB2237A240700E3A8F7 /* Main.storyboard */,
				9BC21CB5237A240800E3A8F7 /* Assets.xcassets */,
				9BC21CB7237A240800E3A8F7 /* LaunchScreen.storyboard */,
				9BC21CBA237A240800E3A8F7 /* Info.plist */,
				9B02A0DC237B9DBB00BDF44E /* eLogin.plist */,
			);
			path = Group3_F2019_MAD115_FP;
			sourceTree = "<group>";
		};
/* End PBXGroup section */

/* Begin PBXNativeTarget section */
		9BC21CA8237A240700E3A8F7 /* Group3_F2019_MAD115_FP */ = {
			isa = PBXNativeTarget;
			buildConfigurationList = 9BC21CBD237A240800E3A8F7 /* Build configuration list for PBXNativeTarget "Group3_F2019_MAD115_FP" */;
			buildPhases = (
				9BC21CA5237A240700E3A8F7 /* Sources */,
				9BC21CA6237A240700E3A8F7 /* Frameworks */,
				9BC21CA7237A240700E3A8F7 /* Resources */,
			);
			buildRules = (
			);
			dependencies = (
			);
			name = Group3_F2019_MAD115_FP;
			productName = Group3_F2019_MAD115_FP;
			productReference = 9BC21CA9237A240700E3A8F7 /* Group3_F2019_MAD115_FP.app */;
			productType = "com.apple.product-type.application";
		};
/* End PBXNativeTarget section */

/* Begin PBXProject section */
		9BC21CA1237A240700E3A8F7 /* Project object */ = {
			isa = PBXProject;
			attributes = {
				LastSwiftUpdateCheck = 1120;
				LastUpgradeCheck = 1120;
				ORGANIZATIONNAME = MacStudent;
				TargetAttributes = {
					9BC21CA8237A240700E3A8F7 = {
						CreatedOnToolsVersion = 11.2;
					};
				};
			};
			buildConfigurationList = 9BC21CA4237A240700E3A8F7 /* Build configuration list for PBXProject "Group3_F2019_MAD115_FP" */;
			compatibilityVersion = "Xcode 9.3";
			developmentRegion = en;
			hasScannedForEncodings = 0;
			knownRegions = (
				en,
				Base,
			);
			mainGroup = 9BC21CA0237A240700E3A8F7;
			productRefGroup = 9BC21CAA237A240700E3A8F7 /* Products */;
			projectDirPath = "";
			projectRoot = "";
			targets = (
				9BC21CA8237A240700E3A8F7 /* Group3_F2019_MAD115_FP */,
			);
		};
/* End PBXProject section */

/* Begin PBXResourcesBuildPhase section */
		9BC21CA7237A240700E3A8F7 /* Resources */ = {
			isa = PBXResourcesBuildPhase;
			buildActionMask = 2147483647;
			files = (
				9B02A0DD237B9DBB00BDF44E /* eLogin.plist in Resources */,
				9BC21CB9237A240800E3A8F7 /* LaunchScreen.storyboard in Resources */,
				9BC21CB6237A240800E3A8F7 /* Assets.xcassets in Resources */,
				9BC21CB4237A240700E3A8F7 /* Main.storyboard in Resources */,
			);
			runOnlyForDeploymentPostprocessing = 0;
		};
/* End PBXResourcesBuildPhase section */

/* Begin PBXSourcesBuildPhase section */
		9BC21CA5237A240700E3A8F7 /* Sources */ = {
			isa = PBXSourcesBuildPhase;
			buildActionMask = 2147483647;
			files = (
				9B02A0D9237B9A4500BDF44E /* LoginViewController.swift in Sources */,
				9BC21CB1237A240700E3A8F7 /* ViewController.swift in Sources */,
				9BC21CAD237A240700E3A8F7 /* AppDelegate.swift in Sources */,
				9BC21CAF237A240700E3A8F7 /* SceneDelegate.swift in Sources */,
			);
			runOnlyForDeploymentPostprocessing = 0;
		};
/* End PBXSourcesBuildPhase section */

/* Begin PBXVariantGroup section */
		9BC21CB2237A240700E3A8F7 /* Main.storyboard */ = {
			isa = PBXVariantGroup;
			children = (
				9BC21CB3237A240700E3A8F7 /* Base */,
			);
			name = Main.storyboard;
			sourceTree = "<group>";
		};
		9BC21CB7237A240800E3A8F7 /* LaunchScreen.storyboard */ = {
			isa = PBXVariantGroup;
			children = (
				9BC21CB8237A240800E3A8F7 /* Base */,
			);
			name = LaunchScreen.storyboard;
			sourceTree = "<group>";
		};
/* End PBXVariantGroup section */

/* Begin XCBuildConfiguration section */
		9BC21CBB237A240800E3A8F7 /* Debug */ = {
			isa = XCBuildConfiguration;
			buildSettings = {
				ALWAYS_SEARCH_USER_PATHS = NO;
				CLANG_ANALYZER_NONNULL = YES;
				CLANG_ANALYZER_NUMBER_OBJECT_CONVERSION = YES_AGGRESSIVE;
				CLANG_CXX_LANGUAGE_STANDARD = "gnu++14";
				CLANG_CXX_LIBRARY = "libc++";
				CLANG_ENABLE_MODULES = YES;
				CLANG_ENABLE_OBJC_ARC = YES;
				CLANG_ENABLE_OBJC_WEAK = YES;
				CLANG_WARN_BLOCK_CAPTURE_AUTORELEASING = YES;
				CLANG_WARN_BOOL_CONVERSION = YES;
				CLANG_WARN_COMMA = YES;
				CLANG_WARN_CONSTANT_CONVERSION = YES;
				CLANG_WARN_DEPRECATED_OBJC_IMPLEMENTATIONS = YES;
				CLANG_WARN_DIRECT_OBJC_ISA_USAGE = YES_ERROR;
				CLANG_WARN_DOCUMENTATION_COMMENTS = YES;
				CLANG_WARN_EMPTY_BODY = YES;
				CLANG_WARN_ENUM_CONVERSION = YES;
				CLANG_WARN_INFINITE_RECURSION = YES;
				CLANG_WARN_INT_CONVERSION = YES;
				CLANG_WARN_NON_LITERAL_NULL_CONVERSION = YES;
				CLANG_WARN_OBJC_IMPLICIT_RETAIN_SELF = YES;
				CLANG_WARN_OBJC_LITERAL_CONVERSION = YES;
				CLANG_WARN_OBJC_ROOT_CLASS = YES_ERROR;
				CLANG_WARN_RANGE_LOOP_ANALYSIS = YES;
				CLANG_WARN_STRICT_PROTOTYPES = YES;
				CLANG_WARN_SUSPICIOUS_MOVE = YES;
				CLANG_WARN_UNGUARDED_AVAILABILITY = YES_AGGRESSIVE;
				CLANG_WARN_UNREACHABLE_CODE = YES;
				CLANG_WARN__DUPLICATE_METHOD_MATCH = YES;
				COPY_PHASE_STRIP = NO;
				DEBUG_INFORMATION_FORMAT = dwarf;
				ENABLE_STRICT_OBJC_MSGSEND = YES;
				ENABLE_TESTABILITY = YES;
				GCC_C_LANGUAGE_STANDARD = gnu11;
				GCC_DYNAMIC_NO_PIC = NO;
				GCC_NO_COMMON_BLOCKS = YES;
				GCC_OPTIMIZATION_LEVEL = 0;
				GCC_PREPROCESSOR_DEFINITIONS = (
					"DEBUG=1",
					"$(inherited)",
				);
				GCC_WARN_64_TO_32_BIT_CONVERSION = YES;
				GCC_WARN_ABOUT_RETURN_TYPE = YES_ERROR;
				GCC_WARN_UNDECLARED_SELECTOR = YES;
				GCC_WARN_UNINITIALIZED_AUTOS = YES_AGGRESSIVE;
				GCC_WARN_UNUSED_FUNCTION = YES;
				GCC_WARN_UNUSED_VARIABLE = YES;
				IPHONEOS_DEPLOYMENT_TARGET = 13.2;
				MTL_ENABLE_DEBUG_INFO = INCLUDE_SOURCE;
				MTL_FAST_MATH = YES;
				ONLY_ACTIVE_ARCH = YES;
				SDKROOT = iphoneos;
				SWIFT_ACTIVE_COMPILATION_CONDITIONS = DEBUG;
				SWIFT_OPTIMIZATION_LEVEL = "-Onone";
			};
			name = Debug;
		};
		9BC21CBC237A240800E3A8F7 /* Release */ = {
			isa = XCBuildConfiguration;
			buildSettings = {
				ALWAYS_SEARCH_USER_PATHS = NO;
				CLANG_ANALYZER_NONNULL = YES;
				CLANG_ANALYZER_NUMBER_OBJECT_CONVERSION = YES_AGGRESSIVE;
				CLANG_CXX_LANGUAGE_STANDARD = "gnu++14";
				CLANG_CXX_LIBRARY = "libc++";
				CLANG_ENABLE_MODULES = YES;
				CLANG_ENABLE_OBJC_ARC = YES;
				CLANG_ENABLE_OBJC_WEAK = YES;
				CLANG_WARN_BLOCK_CAPTURE_AUTORELEASING = YES;
				CLANG_WARN_BOOL_CONVERSION = YES;
				CLANG_WARN_COMMA = YES;
				CLANG_WARN_CONSTANT_CONVERSION = YES;
				CLANG_WARN_DEPRECATED_OBJC_IMPLEMENTATIONS = YES;
				CLANG_WARN_DIRECT_OBJC_ISA_USAGE = YES_ERROR;
				CLANG_WARN_DOCUMENTATION_COMMENTS = YES;
				CLANG_WARN_EMPTY_BODY = YES;
				CLANG_WARN_ENUM_CONVERSION = YES;
				CLANG_WARN_INFINITE_RECURSION = YES;
				CLANG_WARN_INT_CONVERSION = YES;
				CLANG_WARN_NON_LITERAL_NULL_CONVERSION = YES;
				CLANG_WARN_OBJC_IMPLICIT_RETAIN_SELF = YES;
				CLANG_WARN_OBJC_LITERAL_CONVERSION = YES;
				CLANG_WARN_OBJC_ROOT_CLASS = YES_ERROR;
				CLANG_WARN_RANGE_LOOP_ANALYSIS = YES;
				CLANG_WARN_STRICT_PROTOTYPES = YES;
				CLANG_WARN_SUSPICIOUS_MOVE = YES;
				CLANG_WARN_UNGUARDED_AVAILABILITY = YES_AGGRESSIVE;
				CLANG_WARN_UNREACHABLE_CODE = YES;
				CLANG_WARN__DUPLICATE_METHOD_MATCH = YES;
				COPY_PHASE_STRIP = NO;
				DEBUG_INFORMATION_FORMAT = "dwarf-with-dsym";
				ENABLE_NS_ASSERTIONS = NO;
				ENABLE_STRICT_OBJC_MSGSEND = YES;
				GCC_C_LANGUAGE_STANDARD = gnu11;
				GCC_NO_COMMON_BLOCKS = YES;
				GCC_WARN_64_TO_32_BIT_CONVERSION = YES;
				GCC_WARN_ABOUT_RETURN_TYPE = YES_ERROR;
				GCC_WARN_UNDECLARED_SELECTOR = YES;
				GCC_WARN_UNINITIALIZED_AUTOS = YES_AGGRESSIVE;
				GCC_WARN_UNUSED_FUNCTION = YES;
				GCC_WARN_UNUSED_VARIABLE = YES;
				IPHONEOS_DEPLOYMENT_TARGET = 13.2;
				MTL_ENABLE_DEBUG_INFO = NO;
				MTL_FAST_MATH = YES;
				SDKROOT = iphoneos;
				SWIFT_COMPILATION_MODE = wholemodule;
				SWIFT_OPTIMIZATION_LEVEL = "-O";
				VALIDATE_PRODUCT = YES;
			};
			name = Release;
		};
		9BC21CBE237A240800E3A8F7 /* Debug */ = {
			isa = XCBuildConfiguration;
			buildSettings = {
				ASSETCATALOG_COMPILER_APPICON_NAME = AppIcon;
				CODE_SIGN_STYLE = Automatic;
				INFOPLIST_FILE = Group3_F2019_MAD115_FP/Info.plist;
				LD_RUNPATH_SEARCH_PATHS = (
					"$(inherited)",
					"@executable_path/Frameworks",
				);
				PRODUCT_BUNDLE_IDENTIFIER = "com.someplay.Group3-F2019-MAD115-FP";
				PRODUCT_NAME = "$(TARGET_NAME)";
				SWIFT_VERSION = 5.0;
				TARGETED_DEVICE_FAMILY = "1,2";
			};
			name = Debug;
		};
		9BC21CBF237A240800E3A8F7 /* Release */ = {
			isa = XCBuildConfiguration;
			buildSettings = {
				ASSETCATALOG_COMPILER_APPICON_NAME = AppIcon;
				CODE_SIGN_STYLE = Automatic;
				INFOPLIST_FILE = Group3_F2019_MAD115_FP/Info.plist;
				LD_RUNPATH_SEARCH_PATHS = (
					"$(inherited)",
					"@executable_path/Frameworks",
				);
				PRODUCT_BUNDLE_IDENTIFIER = "com.someplay.Group3-F2019-MAD115-FP";
				PRODUCT_NAME = "$(TARGET_NAME)";
				SWIFT_VERSION = 5.0;
				TARGETED_DEVICE_FAMILY = "1,2";
			};
			name = Release;
		};
/* End XCBuildConfiguration section */

/* Begin XCConfigurationList section */
		9BC21CA4237A240700E3A8F7 /* Build configuration list for PBXProject "Group3_F2019_MAD115_FP" */ = {
			isa = XCConfigurationList;
			buildConfigurations = (
				9BC21CBB237A240800E3A8F7 /* Debug */,
				9BC21CBC237A240800E3A8F7 /* Release */,
			);
			defaultConfigurationIsVisible = 0;
			defaultConfigurationName = Release;
		};
		9BC21CBD237A240800E3A8F7 /* Build configuration list for PBXNativeTarget "Group3_F2019_MAD115_FP" */ = {
			isa = XCConfigurationList;
			buildConfigurations = (
				9BC21CBE237A240800E3A8F7 /* Debug */,
				9BC21CBF237A240800E3A8F7 /* Release */,
			);
			defaultConfigurationIsVisible = 0;
			defaultConfigurationName = Release;
		};
/* End XCConfigurationList section */
	};
	rootObject = 9BC21CA1237A240700E3A8F7 /* Project object */;
}
